// !$*UTF8*$!
{
	archiveVersion = 1;
	classes = {
	};
	objectVersion = 56;
	objects = {

/* Begin PBXBuildFile section */
		EF16DDDB2C1AD539004D1AA1 /* CustomTabbar + Tab.swift in Sources */ = {isa = PBXBuildFile; fileRef = EF16DDDA2C1AD539004D1AA1 /* CustomTabbar + Tab.swift */; };
		EF16DDDD2C1AE9B9004D1AA1 /* MessageView.swift in Sources */ = {isa = PBXBuildFile; fileRef = EF16DDDC2C1AE9B9004D1AA1 /* MessageView.swift */; };
		EF16DDE02C1C1F47004D1AA1 /* View +.swift in Sources */ = {isa = PBXBuildFile; fileRef = EF16DDDF2C1C1F47004D1AA1 /* View +.swift */; };
		EF16DDE22C1C2997004D1AA1 /* AlignmentedText.swift in Sources */ = {isa = PBXBuildFile; fileRef = EF16DDE12C1C2997004D1AA1 /* AlignmentedText.swift */; };
		EF16DDE42C1C2BBF004D1AA1 /* MenuView.swift in Sources */ = {isa = PBXBuildFile; fileRef = EF16DDE32C1C2BBF004D1AA1 /* MenuView.swift */; };
		EF16DDEA2C1C2C32004D1AA1 /* HomeFeature.swift in Sources */ = {isa = PBXBuildFile; fileRef = EF16DDE92C1C2C32004D1AA1 /* HomeFeature.swift */; };
		EF16DDEC2C1C2C72004D1AA1 /* HomeView + Menu.swift in Sources */ = {isa = PBXBuildFile; fileRef = EF16DDEB2C1C2C72004D1AA1 /* HomeView + Menu.swift */; };
		EF16DDEE2C1C2C8F004D1AA1 /* MenuView + Menu.swift in Sources */ = {isa = PBXBuildFile; fileRef = EF16DDED2C1C2C8F004D1AA1 /* MenuView + Menu.swift */; };
		EF2C947E2C16CB24003B2304 /* NotoSansKR-SemiBold.ttf in Resources */ = {isa = PBXBuildFile; fileRef = EF2C94752C16CB21003B2304 /* NotoSansKR-SemiBold.ttf */; };
		EF2C947F2C16CB24003B2304 /* NotoSansKR-Light.ttf in Resources */ = {isa = PBXBuildFile; fileRef = EF2C94762C16CB21003B2304 /* NotoSansKR-Light.ttf */; };
		EF2C94802C16CB24003B2304 /* NotoSansKR-Regular.ttf in Resources */ = {isa = PBXBuildFile; fileRef = EF2C94772C16CB22003B2304 /* NotoSansKR-Regular.ttf */; };
		EF2C94822C16CB24003B2304 /* NotoSansKR-Medium.ttf in Resources */ = {isa = PBXBuildFile; fileRef = EF2C94792C16CB23003B2304 /* NotoSansKR-Medium.ttf */; };
		EF2C94842C16CB24003B2304 /* NotoSansKR-ExtraLight.ttf in Resources */ = {isa = PBXBuildFile; fileRef = EF2C947B2C16CB23003B2304 /* NotoSansKR-ExtraLight.ttf */; };
		EF2C94852C16CB24003B2304 /* NotoSansKR-Thin.ttf in Resources */ = {isa = PBXBuildFile; fileRef = EF2C947C2C16CB24003B2304 /* NotoSansKR-Thin.ttf */; };
		EF2C94872C16CDC7003B2304 /* NotoSansKR-Bold.ttf in Resources */ = {isa = PBXBuildFile; fileRef = EF2C947D2C16CB24003B2304 /* NotoSansKR-Bold.ttf */; };
		EF2C94882C16CDC7003B2304 /* NotoSansKR-ExtraBold.ttf in Resources */ = {isa = PBXBuildFile; fileRef = EF2C94782C16CB22003B2304 /* NotoSansKR-ExtraBold.ttf */; };
		EF2C94892C16CDC7003B2304 /* NotoSansKR-Black.ttf in Resources */ = {isa = PBXBuildFile; fileRef = EF2C947A2C16CB23003B2304 /* NotoSansKR-Black.ttf */; };
		EF3C753D2C12DA73002E58D3 /* AsherApp.swift in Sources */ = {isa = PBXBuildFile; fileRef = EF3C753C2C12DA73002E58D3 /* AsherApp.swift */; };
		EF3C753F2C12DA73002E58D3 /* ContentView.swift in Sources */ = {isa = PBXBuildFile; fileRef = EF3C753E2C12DA73002E58D3 /* ContentView.swift */; };
		EF3C75412C12DA73002E58D3 /* Item.swift in Sources */ = {isa = PBXBuildFile; fileRef = EF3C75402C12DA73002E58D3 /* Item.swift */; };
		EF3C75432C12DA74002E58D3 /* Assets.xcassets in Resources */ = {isa = PBXBuildFile; fileRef = EF3C75422C12DA74002E58D3 /* Assets.xcassets */; };
		EF3C75462C12DA74002E58D3 /* Preview Assets.xcassets in Resources */ = {isa = PBXBuildFile; fileRef = EF3C75452C12DA74002E58D3 /* Preview Assets.xcassets */; };
		EF3C754F2C12DE8B002E58D3 /* HomeView.swift in Sources */ = {isa = PBXBuildFile; fileRef = EF3C754E2C12DE8B002E58D3 /* HomeView.swift */; };
		EF3C75522C12E1C4002E58D3 /* ComposableArchitecture in Frameworks */ = {isa = PBXBuildFile; productRef = EF3C75512C12E1C3002E58D3 /* ComposableArchitecture */; };
		EF3C75552C12E238002E58D3 /* TCACoordinators in Frameworks */ = {isa = PBXBuildFile; productRef = EF3C75542C12E238002E58D3 /* TCACoordinators */; };
		EF56BB852C16DB670045394F /* RxCocoa in Frameworks */ = {isa = PBXBuildFile; productRef = EF56BB842C16DB670045394F /* RxCocoa */; };
		EF56BB872C16DB670045394F /* RxRelay in Frameworks */ = {isa = PBXBuildFile; productRef = EF56BB862C16DB670045394F /* RxRelay */; };
		EF56BB892C16DB670045394F /* RxSwift in Frameworks */ = {isa = PBXBuildFile; productRef = EF56BB882C16DB670045394F /* RxSwift */; };
		EF56BB8C2C16DB7A0045394F /* SnapKit in Frameworks */ = {isa = PBXBuildFile; productRef = EF56BB8B2C16DB7A0045394F /* SnapKit */; };
		EF56BB8F2C16DBA20045394F /* Then in Frameworks */ = {isa = PBXBuildFile; productRef = EF56BB8E2C16DBA20045394F /* Then */; };
		EF56BB912C16DBAE0045394F /* RootViewController.swift in Sources */ = {isa = PBXBuildFile; fileRef = EF56BB902C16DBAE0045394F /* RootViewController.swift */; };
		EF56BB932C16DCA10045394F /* CustomTabbar.swift in Sources */ = {isa = PBXBuildFile; fileRef = EF56BB922C16DCA10045394F /* CustomTabbar.swift */; };
		EF56BBBC2C16DDD30045394F /* FontManager.swift in Sources */ = {isa = PBXBuildFile; fileRef = EF56BB9C2C16DDD30045394F /* FontManager.swift */; };
		EF56BBBE2C16DDD30045394F /* IndicatorManager.swift in Sources */ = {isa = PBXBuildFile; fileRef = EF56BB9E2C16DDD30045394F /* IndicatorManager.swift */; };
		EF56BBC02C16DDD30045394F /* UserNotiManager.swift in Sources */ = {isa = PBXBuildFile; fileRef = EF56BBA02C16DDD30045394F /* UserNotiManager.swift */; };
		EF56BBC12C16DDD30045394F /* HapticManager.swift in Sources */ = {isa = PBXBuildFile; fileRef = EF56BBA12C16DDD30045394F /* HapticManager.swift */; };
		EF56BBC22C16DDD40045394F /* BiometricsAuthManager.swift in Sources */ = {isa = PBXBuildFile; fileRef = EF56BBA22C16DDD30045394F /* BiometricsAuthManager.swift */; };
		EF56BBC32C16DDD40045394F /* NetworkManager.swift in Sources */ = {isa = PBXBuildFile; fileRef = EF56BBA32C16DDD30045394F /* NetworkManager.swift */; };
		EF56BBC42C16DDD40045394F /* UpdateManager.swift in Sources */ = {isa = PBXBuildFile; fileRef = EF56BBA42C16DDD30045394F /* UpdateManager.swift */; };
		EF56BBC52C16DDD40045394F /* CloudKitManager.swift in Sources */ = {isa = PBXBuildFile; fileRef = EF56BBA52C16DDD30045394F /* CloudKitManager.swift */; };
		EF56BBC62C16DDD40045394F /* Date +.swift in Sources */ = {isa = PBXBuildFile; fileRef = EF56BBA72C16DDD30045394F /* Date +.swift */; };
		EF56BBC72C16DDD40045394F /* Reactive +.swift in Sources */ = {isa = PBXBuildFile; fileRef = EF56BBA82C16DDD30045394F /* Reactive +.swift */; };
		EF56BBC82C16DDD40045394F /* Toast +.swift in Sources */ = {isa = PBXBuildFile; fileRef = EF56BBA92C16DDD30045394F /* Toast +.swift */; };
		EF56BBC92C16DDD40045394F /* UITextField +.swift in Sources */ = {isa = PBXBuildFile; fileRef = EF56BBAB2C16DDD30045394F /* UITextField +.swift */; };
		EF56BBCB2C16DDD40045394F /* UILabel +.swift in Sources */ = {isa = PBXBuildFile; fileRef = EF56BBAD2C16DDD30045394F /* UILabel +.swift */; };
		EF56BBCC2C16DDD40045394F /* UIScrollView +.swift in Sources */ = {isa = PBXBuildFile; fileRef = EF56BBAE2C16DDD30045394F /* UIScrollView +.swift */; };
		EF56BBCD2C16DDD40045394F /* UIApplication +.swift in Sources */ = {isa = PBXBuildFile; fileRef = EF56BBAF2C16DDD30045394F /* UIApplication +.swift */; };
		EF56BBCE2C16DDD40045394F /* UIDevice +.swift in Sources */ = {isa = PBXBuildFile; fileRef = EF56BBB02C16DDD30045394F /* UIDevice +.swift */; };
		EF56BBCF2C16DDD40045394F /* UIImageView +.swift in Sources */ = {isa = PBXBuildFile; fileRef = EF56BBB12C16DDD30045394F /* UIImageView +.swift */; };
		EF56BBD02C16DDD40045394F /* CACornerMask +.swift in Sources */ = {isa = PBXBuildFile; fileRef = EF56BBB22C16DDD30045394F /* CACornerMask +.swift */; };
		EF56BBD12C16DDD40045394F /* UIView +.swift in Sources */ = {isa = PBXBuildFile; fileRef = EF56BBB32C16DDD30045394F /* UIView +.swift */; };
		EF56BBD22C16DDD40045394F /* UITextView +.swift in Sources */ = {isa = PBXBuildFile; fileRef = EF56BBB42C16DDD30045394F /* UITextView +.swift */; };
		EF56BBD32C16DDD40045394F /* UIViewController +.swift in Sources */ = {isa = PBXBuildFile; fileRef = EF56BBB52C16DDD30045394F /* UIViewController +.swift */; };
		EF56BBD42C16DDD40045394F /* RemoteConfigValue +.swift in Sources */ = {isa = PBXBuildFile; fileRef = EF56BBB62C16DDD30045394F /* RemoteConfigValue +.swift */; };
		EF56BBD52C16DDD40045394F /* Array +.swift in Sources */ = {isa = PBXBuildFile; fileRef = EF56BBB72C16DDD30045394F /* Array +.swift */; };
		EF56BBD62C16DDD40045394F /* Encodable +.swift in Sources */ = {isa = PBXBuildFile; fileRef = EF56BBB82C16DDD30045394F /* Encodable +.swift */; };
		EF56BBD72C16DDD40045394F /* String +.swift in Sources */ = {isa = PBXBuildFile; fileRef = EF56BBB92C16DDD30045394F /* String +.swift */; };
		EF56BBD82C16DDD40045394F /* I18N.swift in Sources */ = {isa = PBXBuildFile; fileRef = EF56BBBB2C16DDD30045394F /* I18N.swift */; };
		EF81E46C2C20187000B11A46 /* CalendarView.swift in Sources */ = {isa = PBXBuildFile; fileRef = EF81E46B2C20187000B11A46 /* CalendarView.swift */; };
		EF81E46E2C210BDA00B11A46 /* CalendarView +.swift in Sources */ = {isa = PBXBuildFile; fileRef = EF81E46D2C210BDA00B11A46 /* CalendarView +.swift */; };
/* End PBXBuildFile section */

/* Begin PBXFileReference section */
		EF16DDDA2C1AD539004D1AA1 /* CustomTabbar + Tab.swift */ = {isa = PBXFileReference; lastKnownFileType = sourcecode.swift; path = "CustomTabbar + Tab.swift"; sourceTree = "<group>"; };
		EF16DDDC2C1AE9B9004D1AA1 /* MessageView.swift */ = {isa = PBXFileReference; lastKnownFileType = sourcecode.swift; path = MessageView.swift; sourceTree = "<group>"; };
		EF16DDDF2C1C1F47004D1AA1 /* View +.swift */ = {isa = PBXFileReference; lastKnownFileType = sourcecode.swift; path = "View +.swift"; sourceTree = "<group>"; };
		EF16DDE12C1C2997004D1AA1 /* AlignmentedText.swift */ = {isa = PBXFileReference; lastKnownFileType = sourcecode.swift; path = AlignmentedText.swift; sourceTree = "<group>"; };
		EF16DDE32C1C2BBF004D1AA1 /* MenuView.swift */ = {isa = PBXFileReference; indentWidth = 2; lastKnownFileType = sourcecode.swift; path = MenuView.swift; sourceTree = "<group>"; };
		EF16DDE92C1C2C32004D1AA1 /* HomeFeature.swift */ = {isa = PBXFileReference; lastKnownFileType = sourcecode.swift; path = HomeFeature.swift; sourceTree = "<group>"; };
		EF16DDEB2C1C2C72004D1AA1 /* HomeView + Menu.swift */ = {isa = PBXFileReference; lastKnownFileType = sourcecode.swift; path = "HomeView + Menu.swift"; sourceTree = "<group>"; };
		EF16DDED2C1C2C8F004D1AA1 /* MenuView + Menu.swift */ = {isa = PBXFileReference; lastKnownFileType = sourcecode.swift; path = "MenuView + Menu.swift"; sourceTree = "<group>"; };
		EF2C94752C16CB21003B2304 /* NotoSansKR-SemiBold.ttf */ = {isa = PBXFileReference; lastKnownFileType = file; path = "NotoSansKR-SemiBold.ttf"; sourceTree = "<group>"; };
		EF2C94762C16CB21003B2304 /* NotoSansKR-Light.ttf */ = {isa = PBXFileReference; lastKnownFileType = file; path = "NotoSansKR-Light.ttf"; sourceTree = "<group>"; };
		EF2C94772C16CB22003B2304 /* NotoSansKR-Regular.ttf */ = {isa = PBXFileReference; lastKnownFileType = file; path = "NotoSansKR-Regular.ttf"; sourceTree = "<group>"; };
		EF2C94782C16CB22003B2304 /* NotoSansKR-ExtraBold.ttf */ = {isa = PBXFileReference; lastKnownFileType = file; path = "NotoSansKR-ExtraBold.ttf"; sourceTree = "<group>"; };
		EF2C94792C16CB23003B2304 /* NotoSansKR-Medium.ttf */ = {isa = PBXFileReference; lastKnownFileType = file; path = "NotoSansKR-Medium.ttf"; sourceTree = "<group>"; };
		EF2C947A2C16CB23003B2304 /* NotoSansKR-Black.ttf */ = {isa = PBXFileReference; lastKnownFileType = file; path = "NotoSansKR-Black.ttf"; sourceTree = "<group>"; };
		EF2C947B2C16CB23003B2304 /* NotoSansKR-ExtraLight.ttf */ = {isa = PBXFileReference; lastKnownFileType = file; path = "NotoSansKR-ExtraLight.ttf"; sourceTree = "<group>"; };
		EF2C947C2C16CB24003B2304 /* NotoSansKR-Thin.ttf */ = {isa = PBXFileReference; lastKnownFileType = file; path = "NotoSansKR-Thin.ttf"; sourceTree = "<group>"; };
		EF2C947D2C16CB24003B2304 /* NotoSansKR-Bold.ttf */ = {isa = PBXFileReference; lastKnownFileType = file; path = "NotoSansKR-Bold.ttf"; sourceTree = "<group>"; };
		EF3C75392C12DA73002E58D3 /* Asher.app */ = {isa = PBXFileReference; explicitFileType = wrapper.application; includeInIndex = 0; path = Asher.app; sourceTree = BUILT_PRODUCTS_DIR; };
		EF3C753C2C12DA73002E58D3 /* AsherApp.swift */ = {isa = PBXFileReference; lastKnownFileType = sourcecode.swift; path = AsherApp.swift; sourceTree = "<group>"; };
		EF3C753E2C12DA73002E58D3 /* ContentView.swift */ = {isa = PBXFileReference; lastKnownFileType = sourcecode.swift; path = ContentView.swift; sourceTree = "<group>"; };
		EF3C75402C12DA73002E58D3 /* Item.swift */ = {isa = PBXFileReference; lastKnownFileType = sourcecode.swift; path = Item.swift; sourceTree = "<group>"; };
		EF3C75422C12DA74002E58D3 /* Assets.xcassets */ = {isa = PBXFileReference; lastKnownFileType = folder.assetcatalog; path = Assets.xcassets; sourceTree = "<group>"; };
		EF3C75452C12DA74002E58D3 /* Preview Assets.xcassets */ = {isa = PBXFileReference; lastKnownFileType = folder.assetcatalog; path = "Preview Assets.xcassets"; sourceTree = "<group>"; };
		EF3C75472C12DA74002E58D3 /* Asher.entitlements */ = {isa = PBXFileReference; lastKnownFileType = text.plist.entitlements; path = Asher.entitlements; sourceTree = "<group>"; };
		EF3C75482C12DA74002E58D3 /* Info.plist */ = {isa = PBXFileReference; lastKnownFileType = text.plist.xml; path = Info.plist; sourceTree = "<group>"; };
		EF3C754E2C12DE8B002E58D3 /* HomeView.swift */ = {isa = PBXFileReference; indentWidth = 2; lastKnownFileType = sourcecode.swift; path = HomeView.swift; sourceTree = "<group>"; };
		EF56BB902C16DBAE0045394F /* RootViewController.swift */ = {isa = PBXFileReference; lastKnownFileType = sourcecode.swift; path = RootViewController.swift; sourceTree = "<group>"; };
		EF56BB922C16DCA10045394F /* CustomTabbar.swift */ = {isa = PBXFileReference; lastKnownFileType = sourcecode.swift; path = CustomTabbar.swift; sourceTree = "<group>"; };
		EF56BB9C2C16DDD30045394F /* FontManager.swift */ = {isa = PBXFileReference; fileEncoding = 4; lastKnownFileType = sourcecode.swift; path = FontManager.swift; sourceTree = "<group>"; };
		EF56BB9E2C16DDD30045394F /* IndicatorManager.swift */ = {isa = PBXFileReference; fileEncoding = 4; lastKnownFileType = sourcecode.swift; path = IndicatorManager.swift; sourceTree = "<group>"; };
		EF56BBA02C16DDD30045394F /* UserNotiManager.swift */ = {isa = PBXFileReference; fileEncoding = 4; lastKnownFileType = sourcecode.swift; path = UserNotiManager.swift; sourceTree = "<group>"; };
		EF56BBA12C16DDD30045394F /* HapticManager.swift */ = {isa = PBXFileReference; fileEncoding = 4; lastKnownFileType = sourcecode.swift; path = HapticManager.swift; sourceTree = "<group>"; };
		EF56BBA22C16DDD30045394F /* BiometricsAuthManager.swift */ = {isa = PBXFileReference; fileEncoding = 4; lastKnownFileType = sourcecode.swift; path = BiometricsAuthManager.swift; sourceTree = "<group>"; };
		EF56BBA32C16DDD30045394F /* NetworkManager.swift */ = {isa = PBXFileReference; fileEncoding = 4; lastKnownFileType = sourcecode.swift; path = NetworkManager.swift; sourceTree = "<group>"; };
		EF56BBA42C16DDD30045394F /* UpdateManager.swift */ = {isa = PBXFileReference; fileEncoding = 4; lastKnownFileType = sourcecode.swift; path = UpdateManager.swift; sourceTree = "<group>"; };
		EF56BBA52C16DDD30045394F /* CloudKitManager.swift */ = {isa = PBXFileReference; fileEncoding = 4; lastKnownFileType = sourcecode.swift; path = CloudKitManager.swift; sourceTree = "<group>"; };
		EF56BBA72C16DDD30045394F /* Date +.swift */ = {isa = PBXFileReference; fileEncoding = 4; lastKnownFileType = sourcecode.swift; path = "Date +.swift"; sourceTree = "<group>"; };
		EF56BBA82C16DDD30045394F /* Reactive +.swift */ = {isa = PBXFileReference; fileEncoding = 4; lastKnownFileType = sourcecode.swift; path = "Reactive +.swift"; sourceTree = "<group>"; };
		EF56BBA92C16DDD30045394F /* Toast +.swift */ = {isa = PBXFileReference; fileEncoding = 4; lastKnownFileType = sourcecode.swift; path = "Toast +.swift"; sourceTree = "<group>"; };
		EF56BBAB2C16DDD30045394F /* UITextField +.swift */ = {isa = PBXFileReference; fileEncoding = 4; lastKnownFileType = sourcecode.swift; path = "UITextField +.swift"; sourceTree = "<group>"; };
		EF56BBAD2C16DDD30045394F /* UILabel +.swift */ = {isa = PBXFileReference; fileEncoding = 4; lastKnownFileType = sourcecode.swift; path = "UILabel +.swift"; sourceTree = "<group>"; };
		EF56BBAE2C16DDD30045394F /* UIScrollView +.swift */ = {isa = PBXFileReference; fileEncoding = 4; lastKnownFileType = sourcecode.swift; path = "UIScrollView +.swift"; sourceTree = "<group>"; };
		EF56BBAF2C16DDD30045394F /* UIApplication +.swift */ = {isa = PBXFileReference; fileEncoding = 4; lastKnownFileType = sourcecode.swift; path = "UIApplication +.swift"; sourceTree = "<group>"; };
		EF56BBB02C16DDD30045394F /* UIDevice +.swift */ = {isa = PBXFileReference; fileEncoding = 4; lastKnownFileType = sourcecode.swift; path = "UIDevice +.swift"; sourceTree = "<group>"; };
		EF56BBB12C16DDD30045394F /* UIImageView +.swift */ = {isa = PBXFileReference; fileEncoding = 4; lastKnownFileType = sourcecode.swift; path = "UIImageView +.swift"; sourceTree = "<group>"; };
		EF56BBB22C16DDD30045394F /* CACornerMask +.swift */ = {isa = PBXFileReference; fileEncoding = 4; lastKnownFileType = sourcecode.swift; path = "CACornerMask +.swift"; sourceTree = "<group>"; };
		EF56BBB32C16DDD30045394F /* UIView +.swift */ = {isa = PBXFileReference; fileEncoding = 4; lastKnownFileType = sourcecode.swift; path = "UIView +.swift"; sourceTree = "<group>"; };
		EF56BBB42C16DDD30045394F /* UITextView +.swift */ = {isa = PBXFileReference; fileEncoding = 4; lastKnownFileType = sourcecode.swift; path = "UITextView +.swift"; sourceTree = "<group>"; };
		EF56BBB52C16DDD30045394F /* UIViewController +.swift */ = {isa = PBXFileReference; fileEncoding = 4; lastKnownFileType = sourcecode.swift; path = "UIViewController +.swift"; sourceTree = "<group>"; };
		EF56BBB62C16DDD30045394F /* RemoteConfigValue +.swift */ = {isa = PBXFileReference; fileEncoding = 4; lastKnownFileType = sourcecode.swift; path = "RemoteConfigValue +.swift"; sourceTree = "<group>"; };
		EF56BBB72C16DDD30045394F /* Array +.swift */ = {isa = PBXFileReference; fileEncoding = 4; lastKnownFileType = sourcecode.swift; path = "Array +.swift"; sourceTree = "<group>"; };
		EF56BBB82C16DDD30045394F /* Encodable +.swift */ = {isa = PBXFileReference; fileEncoding = 4; lastKnownFileType = sourcecode.swift; path = "Encodable +.swift"; sourceTree = "<group>"; };
		EF56BBB92C16DDD30045394F /* String +.swift */ = {isa = PBXFileReference; fileEncoding = 4; lastKnownFileType = sourcecode.swift; path = "String +.swift"; sourceTree = "<group>"; };
		EF56BBBB2C16DDD30045394F /* I18N.swift */ = {isa = PBXFileReference; fileEncoding = 4; lastKnownFileType = sourcecode.swift; path = I18N.swift; sourceTree = "<group>"; };
		EF81E46B2C20187000B11A46 /* CalendarView.swift */ = {isa = PBXFileReference; indentWidth = 2; lastKnownFileType = sourcecode.swift; path = CalendarView.swift; sourceTree = "<group>"; };
		EF81E46D2C210BDA00B11A46 /* CalendarView +.swift */ = {isa = PBXFileReference; lastKnownFileType = sourcecode.swift; path = "CalendarView +.swift"; sourceTree = "<group>"; };
/* End PBXFileReference section */

/* Begin PBXFrameworksBuildPhase section */
		EF3C75362C12DA73002E58D3 /* Frameworks */ = {
			isa = PBXFrameworksBuildPhase;
			buildActionMask = 2147483647;
			files = (
				EF56BB852C16DB670045394F /* RxCocoa in Frameworks */,
				EF3C75552C12E238002E58D3 /* TCACoordinators in Frameworks */,
				EF56BB892C16DB670045394F /* RxSwift in Frameworks */,
				EF56BB8F2C16DBA20045394F /* Then in Frameworks */,
				EF56BB8C2C16DB7A0045394F /* SnapKit in Frameworks */,
				EF56BB872C16DB670045394F /* RxRelay in Frameworks */,
				EF3C75522C12E1C4002E58D3 /* ComposableArchitecture in Frameworks */,
			);
			runOnlyForDeploymentPostprocessing = 0;
		};
/* End PBXFrameworksBuildPhase section */

/* Begin PBXGroup section */
		EF16DDDE2C1C1F3C004D1AA1 /* SwiftUI */ = {
			isa = PBXGroup;
			children = (
				EF16DDDF2C1C1F47004D1AA1 /* View +.swift */,
				EF16DDE12C1C2997004D1AA1 /* AlignmentedText.swift */,
			);
			name = SwiftUI;
			sourceTree = "<group>";
		};
		EF16DDE52C1C2BC6004D1AA1 /* HomeTab */ = {
			isa = PBXGroup;
			children = (
				EF16DDE72C1C2C06004D1AA1 /* Home */,
				EF16DDE32C1C2BBF004D1AA1 /* MenuView.swift */,
				EF16DDED2C1C2C8F004D1AA1 /* MenuView + Menu.swift */,
			);
			path = HomeTab;
			sourceTree = "<group>";
		};
		EF16DDE62C1C2BE5004D1AA1 /* SwiftData */ = {
			isa = PBXGroup;
			children = (
				EF3C753E2C12DA73002E58D3 /* ContentView.swift */,
				EF3C75402C12DA73002E58D3 /* Item.swift */,
			);
			path = SwiftData;
			sourceTree = "<group>";
		};
		EF16DDE72C1C2C06004D1AA1 /* Home */ = {
			isa = PBXGroup;
			children = (
				EF3C754E2C12DE8B002E58D3 /* HomeView.swift */,
				EF16DDEB2C1C2C72004D1AA1 /* HomeView + Menu.swift */,
				EF16DDE92C1C2C32004D1AA1 /* HomeFeature.swift */,
			);
			path = Home;
			sourceTree = "<group>";
		};
		EF2C946E2C16C7F4003B2304 /* Font */ = {
			isa = PBXGroup;
			children = (
				EF2C947A2C16CB23003B2304 /* NotoSansKR-Black.ttf */,
				EF2C947D2C16CB24003B2304 /* NotoSansKR-Bold.ttf */,
				EF2C94782C16CB22003B2304 /* NotoSansKR-ExtraBold.ttf */,
				EF2C947B2C16CB23003B2304 /* NotoSansKR-ExtraLight.ttf */,
				EF2C94762C16CB21003B2304 /* NotoSansKR-Light.ttf */,
				EF2C94792C16CB23003B2304 /* NotoSansKR-Medium.ttf */,
				EF2C94772C16CB22003B2304 /* NotoSansKR-Regular.ttf */,
				EF2C94752C16CB21003B2304 /* NotoSansKR-SemiBold.ttf */,
				EF2C947C2C16CB24003B2304 /* NotoSansKR-Thin.ttf */,
			);
			path = Font;
			sourceTree = "<group>";
		};
		EF3C75302C12DA73002E58D3 = {
			isa = PBXGroup;
			children = (
				EF3C753B2C12DA73002E58D3 /* Asher */,
				EF3C753A2C12DA73002E58D3 /* Products */,
			);
			sourceTree = "<group>";
		};
		EF3C753A2C12DA73002E58D3 /* Products */ = {
			isa = PBXGroup;
			children = (
				EF3C75392C12DA73002E58D3 /* Asher.app */,
			);
			name = Products;
			sourceTree = "<group>";
		};
		EF3C753B2C12DA73002E58D3 /* Asher */ = {
			isa = PBXGroup;
			children = (
				EF56BB962C16DD0E0045394F /* Support */,
				EF56BB952C16DD020045394F /* Utils */,
				EF3C753C2C12DA73002E58D3 /* AsherApp.swift */,
				EF16DDE62C1C2BE5004D1AA1 /* SwiftData */,
				EF16DDE52C1C2BC6004D1AA1 /* HomeTab */,
				EF16DDDC2C1AE9B9004D1AA1 /* MessageView.swift */,
				EF81E46A2C20183E00B11A46 /* CalendarTest */,
				EF56BB822C16DB3D0045394F /* RootViewController */,
			);
			path = Asher;
			sourceTree = "<group>";
		};
		EF3C75442C12DA74002E58D3 /* Preview Content */ = {
			isa = PBXGroup;
			children = (
				EF3C75452C12DA74002E58D3 /* Preview Assets.xcassets */,
			);
			path = "Preview Content";
			sourceTree = "<group>";
		};
		EF56BB822C16DB3D0045394F /* RootViewController */ = {
			isa = PBXGroup;
			children = (
				EF56BB942C16DCD40045394F /* CustomTabbar */,
				EF56BB902C16DBAE0045394F /* RootViewController.swift */,
			);
			path = RootViewController;
			sourceTree = "<group>";
		};
		EF56BB942C16DCD40045394F /* CustomTabbar */ = {
			isa = PBXGroup;
			children = (
				EF56BB922C16DCA10045394F /* CustomTabbar.swift */,
				EF16DDDA2C1AD539004D1AA1 /* CustomTabbar + Tab.swift */,
			);
			path = CustomTabbar;
			sourceTree = "<group>";
		};
		EF56BB952C16DD020045394F /* Utils */ = {
			isa = PBXGroup;
			children = (
				EF56BBA62C16DDD30045394F /* Extensions */,
				EF56BBBA2C16DDD30045394F /* Localize */,
				EF56BB9B2C16DDD30045394F /* Manager */,
			);
			path = Utils;
			sourceTree = "<group>";
		};
		EF56BB962C16DD0E0045394F /* Support */ = {
			isa = PBXGroup;
			children = (
				EF3C75442C12DA74002E58D3 /* Preview Content */,
				EF3C75472C12DA74002E58D3 /* Asher.entitlements */,
				EF3C75482C12DA74002E58D3 /* Info.plist */,
				EF2C946E2C16C7F4003B2304 /* Font */,
				EF3C75422C12DA74002E58D3 /* Assets.xcassets */,
			);
			path = Support;
			sourceTree = "<group>";
		};
		EF56BB9B2C16DDD30045394F /* Manager */ = {
			isa = PBXGroup;
			children = (
				EF56BB9C2C16DDD30045394F /* FontManager.swift */,
				EF56BB9E2C16DDD30045394F /* IndicatorManager.swift */,
				EF56BBA02C16DDD30045394F /* UserNotiManager.swift */,
				EF56BBA12C16DDD30045394F /* HapticManager.swift */,
				EF56BBA22C16DDD30045394F /* BiometricsAuthManager.swift */,
				EF56BBA32C16DDD30045394F /* NetworkManager.swift */,
				EF56BBA42C16DDD30045394F /* UpdateManager.swift */,
				EF56BBA52C16DDD30045394F /* CloudKitManager.swift */,
			);
			path = Manager;
			sourceTree = "<group>";
		};
		EF56BBA62C16DDD30045394F /* Extensions */ = {
			isa = PBXGroup;
			children = (
				EF16DDDE2C1C1F3C004D1AA1 /* SwiftUI */,
				EF56BBA72C16DDD30045394F /* Date +.swift */,
				EF56BBA82C16DDD30045394F /* Reactive +.swift */,
				EF56BBA92C16DDD30045394F /* Toast +.swift */,
				EF56BBAA2C16DDD30045394F /* UIKit */,
				EF56BBB62C16DDD30045394F /* RemoteConfigValue +.swift */,
				EF56BBB72C16DDD30045394F /* Array +.swift */,
				EF56BBB82C16DDD30045394F /* Encodable +.swift */,
				EF56BBB92C16DDD30045394F /* String +.swift */,
			);
			path = Extensions;
			sourceTree = "<group>";
		};
		EF56BBAA2C16DDD30045394F /* UIKit */ = {
			isa = PBXGroup;
			children = (
				EF56BBAB2C16DDD30045394F /* UITextField +.swift */,
				EF56BBAD2C16DDD30045394F /* UILabel +.swift */,
				EF56BBAE2C16DDD30045394F /* UIScrollView +.swift */,
				EF56BBAF2C16DDD30045394F /* UIApplication +.swift */,
				EF56BBB02C16DDD30045394F /* UIDevice +.swift */,
				EF56BBB12C16DDD30045394F /* UIImageView +.swift */,
				EF56BBB22C16DDD30045394F /* CACornerMask +.swift */,
				EF56BBB32C16DDD30045394F /* UIView +.swift */,
				EF56BBB42C16DDD30045394F /* UITextView +.swift */,
				EF56BBB52C16DDD30045394F /* UIViewController +.swift */,
			);
			path = UIKit;
			sourceTree = "<group>";
		};
		EF56BBBA2C16DDD30045394F /* Localize */ = {
			isa = PBXGroup;
			children = (
				EF56BBBB2C16DDD30045394F /* I18N.swift */,
			);
			path = Localize;
			sourceTree = "<group>";
		};
		EF81E46A2C20183E00B11A46 /* CalendarTest */ = {
			isa = PBXGroup;
			children = (
				EF81E46B2C20187000B11A46 /* CalendarView.swift */,
				EF81E46D2C210BDA00B11A46 /* CalendarView +.swift */,
			);
			path = CalendarTest;
			sourceTree = "<group>";
		};
/* End PBXGroup section */

/* Begin PBXNativeTarget section */
		EF3C75382C12DA73002E58D3 /* Asher */ = {
			isa = PBXNativeTarget;
			buildConfigurationList = EF3C754B2C12DA74002E58D3 /* Build configuration list for PBXNativeTarget "Asher" */;
			buildPhases = (
				EF3C75352C12DA73002E58D3 /* Sources */,
				EF3C75362C12DA73002E58D3 /* Frameworks */,
				EF3C75372C12DA73002E58D3 /* Resources */,
			);
			buildRules = (
			);
			dependencies = (
			);
			name = Asher;
			packageProductDependencies = (
				EF3C75512C12E1C3002E58D3 /* ComposableArchitecture */,
				EF3C75542C12E238002E58D3 /* TCACoordinators */,
				EF56BB842C16DB670045394F /* RxCocoa */,
				EF56BB862C16DB670045394F /* RxRelay */,
				EF56BB882C16DB670045394F /* RxSwift */,
				EF56BB8B2C16DB7A0045394F /* SnapKit */,
				EF56BB8E2C16DBA20045394F /* Then */,
			);
			productName = Asher;
			productReference = EF3C75392C12DA73002E58D3 /* Asher.app */;
			productType = "com.apple.product-type.application";
		};
/* End PBXNativeTarget section */

/* Begin PBXProject section */
		EF3C75312C12DA73002E58D3 /* Project object */ = {
			isa = PBXProject;
			attributes = {
				BuildIndependentTargetsInParallel = 1;
				LastSwiftUpdateCheck = 1500;
				LastUpgradeCheck = 1500;
				TargetAttributes = {
					EF3C75382C12DA73002E58D3 = {
						CreatedOnToolsVersion = 15.0;
					};
				};
			};
			buildConfigurationList = EF3C75342C12DA73002E58D3 /* Build configuration list for PBXProject "Asher" */;
			compatibilityVersion = "Xcode 14.0";
			developmentRegion = en;
			hasScannedForEncodings = 0;
			knownRegions = (
				en,
				Base,
			);
			mainGroup = EF3C75302C12DA73002E58D3;
			packageReferences = (
				EF3C75502C12E1C3002E58D3 /* XCRemoteSwiftPackageReference "swift-composable-architecture" */,
				EF3C75532C12E238002E58D3 /* XCRemoteSwiftPackageReference "TCACoordinators" */,
				EF56BB832C16DB670045394F /* XCRemoteSwiftPackageReference "RxSwift" */,
				EF56BB8A2C16DB7A0045394F /* XCRemoteSwiftPackageReference "SnapKit" */,
				EF56BB8D2C16DBA20045394F /* XCRemoteSwiftPackageReference "Then" */,
			);
			productRefGroup = EF3C753A2C12DA73002E58D3 /* Products */;
			projectDirPath = "";
			projectRoot = "";
			targets = (
				EF3C75382C12DA73002E58D3 /* Asher */,
			);
		};
/* End PBXProject section */

/* Begin PBXResourcesBuildPhase section */
		EF3C75372C12DA73002E58D3 /* Resources */ = {
			isa = PBXResourcesBuildPhase;
			buildActionMask = 2147483647;
			files = (
				EF2C94882C16CDC7003B2304 /* NotoSansKR-ExtraBold.ttf in Resources */,
				EF2C947E2C16CB24003B2304 /* NotoSansKR-SemiBold.ttf in Resources */,
				EF2C94872C16CDC7003B2304 /* NotoSansKR-Bold.ttf in Resources */,
				EF2C94802C16CB24003B2304 /* NotoSansKR-Regular.ttf in Resources */,
				EF2C94842C16CB24003B2304 /* NotoSansKR-ExtraLight.ttf in Resources */,
				EF3C75462C12DA74002E58D3 /* Preview Assets.xcassets in Resources */,
				EF2C94852C16CB24003B2304 /* NotoSansKR-Thin.ttf in Resources */,
				EF2C94892C16CDC7003B2304 /* NotoSansKR-Black.ttf in Resources */,
				EF2C947F2C16CB24003B2304 /* NotoSansKR-Light.ttf in Resources */,
				EF3C75432C12DA74002E58D3 /* Assets.xcassets in Resources */,
				EF2C94822C16CB24003B2304 /* NotoSansKR-Medium.ttf in Resources */,
			);
			runOnlyForDeploymentPostprocessing = 0;
		};
/* End PBXResourcesBuildPhase section */

/* Begin PBXSourcesBuildPhase section */
		EF3C75352C12DA73002E58D3 /* Sources */ = {
			isa = PBXSourcesBuildPhase;
			buildActionMask = 2147483647;
			files = (
				EF56BBD62C16DDD40045394F /* Encodable +.swift in Sources */,
				EF81E46E2C210BDA00B11A46 /* CalendarView +.swift in Sources */,
				EF56BBC12C16DDD30045394F /* HapticManager.swift in Sources */,
				EF56BBD32C16DDD40045394F /* UIViewController +.swift in Sources */,
				EF56BBCC2C16DDD40045394F /* UIScrollView +.swift in Sources */,
				EF56BBD02C16DDD40045394F /* CACornerMask +.swift in Sources */,
				EF16DDE42C1C2BBF004D1AA1 /* MenuView.swift in Sources */,
				EF16DDDB2C1AD539004D1AA1 /* CustomTabbar + Tab.swift in Sources */,
				EF3C753F2C12DA73002E58D3 /* ContentView.swift in Sources */,
				EF56BB932C16DCA10045394F /* CustomTabbar.swift in Sources */,
				EF81E46C2C20187000B11A46 /* CalendarView.swift in Sources */,
				EF56BBC62C16DDD40045394F /* Date +.swift in Sources */,
				EF56BBCE2C16DDD40045394F /* UIDevice +.swift in Sources */,
				EF16DDEC2C1C2C72004D1AA1 /* HomeView + Menu.swift in Sources */,
				EF16DDE02C1C1F47004D1AA1 /* View +.swift in Sources */,
				EF56BBC52C16DDD40045394F /* CloudKitManager.swift in Sources */,
				EF56BBBE2C16DDD30045394F /* IndicatorManager.swift in Sources */,
				EF16DDE22C1C2997004D1AA1 /* AlignmentedText.swift in Sources */,
				EF56BBCB2C16DDD40045394F /* UILabel +.swift in Sources */,
				EF56BBC72C16DDD40045394F /* Reactive +.swift in Sources */,
				EF56BB912C16DBAE0045394F /* RootViewController.swift in Sources */,
				EF56BBC22C16DDD40045394F /* BiometricsAuthManager.swift in Sources */,
				EF56BBD82C16DDD40045394F /* I18N.swift in Sources */,
				EF56BBD22C16DDD40045394F /* UITextView +.swift in Sources */,
				EF16DDDD2C1AE9B9004D1AA1 /* MessageView.swift in Sources */,
				EF56BBCD2C16DDD40045394F /* UIApplication +.swift in Sources */,
				EF3C754F2C12DE8B002E58D3 /* HomeView.swift in Sources */,
				EF56BBC02C16DDD30045394F /* UserNotiManager.swift in Sources */,
				EF3C75412C12DA73002E58D3 /* Item.swift in Sources */,
				EF56BBC42C16DDD40045394F /* UpdateManager.swift in Sources */,
				EF56BBC32C16DDD40045394F /* NetworkManager.swift in Sources */,
				EF56BBBC2C16DDD30045394F /* FontManager.swift in Sources */,
				EF16DDEA2C1C2C32004D1AA1 /* HomeFeature.swift in Sources */,
				EF56BBC82C16DDD40045394F /* Toast +.swift in Sources */,
				EF16DDEE2C1C2C8F004D1AA1 /* MenuView + Menu.swift in Sources */,
				EF56BBCF2C16DDD40045394F /* UIImageView +.swift in Sources */,
				EF56BBD52C16DDD40045394F /* Array +.swift in Sources */,
				EF3C753D2C12DA73002E58D3 /* AsherApp.swift in Sources */,
				EF56BBD72C16DDD40045394F /* String +.swift in Sources */,
				EF56BBD12C16DDD40045394F /* UIView +.swift in Sources */,
				EF56BBD42C16DDD40045394F /* RemoteConfigValue +.swift in Sources */,
				EF56BBC92C16DDD40045394F /* UITextField +.swift in Sources */,
			);
			runOnlyForDeploymentPostprocessing = 0;
		};
/* End PBXSourcesBuildPhase section */

/* Begin XCBuildConfiguration section */
		EF3C75492C12DA74002E58D3 /* Debug */ = {
			isa = XCBuildConfiguration;
			buildSettings = {
				ALWAYS_SEARCH_USER_PATHS = NO;
				ASSETCATALOG_COMPILER_GENERATE_SWIFT_ASSET_SYMBOL_EXTENSIONS = YES;
				CLANG_ANALYZER_NONNULL = YES;
				CLANG_ANALYZER_NUMBER_OBJECT_CONVERSION = YES_AGGRESSIVE;
				CLANG_CXX_LANGUAGE_STANDARD = "gnu++20";
				CLANG_ENABLE_MODULES = YES;
				CLANG_ENABLE_OBJC_ARC = YES;
				CLANG_ENABLE_OBJC_WEAK = YES;
				CLANG_WARN_BLOCK_CAPTURE_AUTORELEASING = YES;
				CLANG_WARN_BOOL_CONVERSION = YES;
				CLANG_WARN_COMMA = YES;
				CLANG_WARN_CONSTANT_CONVERSION = YES;
				CLANG_WARN_DEPRECATED_OBJC_IMPLEMENTATIONS = YES;
				CLANG_WARN_DIRECT_OBJC_ISA_USAGE = YES_ERROR;
				CLANG_WARN_DOCUMENTATION_COMMENTS = YES;
				CLANG_WARN_EMPTY_BODY = YES;
				CLANG_WARN_ENUM_CONVERSION = YES;
				CLANG_WARN_INFINITE_RECURSION = YES;
				CLANG_WARN_INT_CONVERSION = YES;
				CLANG_WARN_NON_LITERAL_NULL_CONVERSION = YES;
				CLANG_WARN_OBJC_IMPLICIT_RETAIN_SELF = YES;
				CLANG_WARN_OBJC_LITERAL_CONVERSION = YES;
				CLANG_WARN_OBJC_ROOT_CLASS = YES_ERROR;
				CLANG_WARN_QUOTED_INCLUDE_IN_FRAMEWORK_HEADER = YES;
				CLANG_WARN_RANGE_LOOP_ANALYSIS = YES;
				CLANG_WARN_STRICT_PROTOTYPES = YES;
				CLANG_WARN_SUSPICIOUS_MOVE = YES;
				CLANG_WARN_UNGUARDED_AVAILABILITY = YES_AGGRESSIVE;
				CLANG_WARN_UNREACHABLE_CODE = YES;
				CLANG_WARN__DUPLICATE_METHOD_MATCH = YES;
				COPY_PHASE_STRIP = NO;
				DEBUG_INFORMATION_FORMAT = dwarf;
				ENABLE_STRICT_OBJC_MSGSEND = YES;
				ENABLE_TESTABILITY = YES;
				ENABLE_USER_SCRIPT_SANDBOXING = YES;
				GCC_C_LANGUAGE_STANDARD = gnu17;
				GCC_DYNAMIC_NO_PIC = NO;
				GCC_NO_COMMON_BLOCKS = YES;
				GCC_OPTIMIZATION_LEVEL = 0;
				GCC_PREPROCESSOR_DEFINITIONS = (
					"DEBUG=1",
					"$(inherited)",
				);
				GCC_WARN_64_TO_32_BIT_CONVERSION = YES;
				GCC_WARN_ABOUT_RETURN_TYPE = YES_ERROR;
				GCC_WARN_UNDECLARED_SELECTOR = YES;
				GCC_WARN_UNINITIALIZED_AUTOS = YES_AGGRESSIVE;
				GCC_WARN_UNUSED_FUNCTION = YES;
				GCC_WARN_UNUSED_VARIABLE = YES;
				IPHONEOS_DEPLOYMENT_TARGET = 17.0;
				LOCALIZATION_PREFERS_STRING_CATALOGS = YES;
				MTL_ENABLE_DEBUG_INFO = INCLUDE_SOURCE;
				MTL_FAST_MATH = YES;
				ONLY_ACTIVE_ARCH = YES;
				SDKROOT = iphoneos;
				SWIFT_ACTIVE_COMPILATION_CONDITIONS = "DEBUG $(inherited)";
				SWIFT_OPTIMIZATION_LEVEL = "-Onone";
			};
			name = Debug;
		};
		EF3C754A2C12DA74002E58D3 /* Release */ = {
			isa = XCBuildConfiguration;
			buildSettings = {
				ALWAYS_SEARCH_USER_PATHS = NO;
				ASSETCATALOG_COMPILER_GENERATE_SWIFT_ASSET_SYMBOL_EXTENSIONS = YES;
				CLANG_ANALYZER_NONNULL = YES;
				CLANG_ANALYZER_NUMBER_OBJECT_CONVERSION = YES_AGGRESSIVE;
				CLANG_CXX_LANGUAGE_STANDARD = "gnu++20";
				CLANG_ENABLE_MODULES = YES;
				CLANG_ENABLE_OBJC_ARC = YES;
				CLANG_ENABLE_OBJC_WEAK = YES;
				CLANG_WARN_BLOCK_CAPTURE_AUTORELEASING = YES;
				CLANG_WARN_BOOL_CONVERSION = YES;
				CLANG_WARN_COMMA = YES;
				CLANG_WARN_CONSTANT_CONVERSION = YES;
				CLANG_WARN_DEPRECATED_OBJC_IMPLEMENTATIONS = YES;
				CLANG_WARN_DIRECT_OBJC_ISA_USAGE = YES_ERROR;
				CLANG_WARN_DOCUMENTATION_COMMENTS = YES;
				CLANG_WARN_EMPTY_BODY = YES;
				CLANG_WARN_ENUM_CONVERSION = YES;
				CLANG_WARN_INFINITE_RECURSION = YES;
				CLANG_WARN_INT_CONVERSION = YES;
				CLANG_WARN_NON_LITERAL_NULL_CONVERSION = YES;
				CLANG_WARN_OBJC_IMPLICIT_RETAIN_SELF = YES;
				CLANG_WARN_OBJC_LITERAL_CONVERSION = YES;
				CLANG_WARN_OBJC_ROOT_CLASS = YES_ERROR;
				CLANG_WARN_QUOTED_INCLUDE_IN_FRAMEWORK_HEADER = YES;
				CLANG_WARN_RANGE_LOOP_ANALYSIS = YES;
				CLANG_WARN_STRICT_PROTOTYPES = YES;
				CLANG_WARN_SUSPICIOUS_MOVE = YES;
				CLANG_WARN_UNGUARDED_AVAILABILITY = YES_AGGRESSIVE;
				CLANG_WARN_UNREACHABLE_CODE = YES;
				CLANG_WARN__DUPLICATE_METHOD_MATCH = YES;
				COPY_PHASE_STRIP = NO;
				DEBUG_INFORMATION_FORMAT = "dwarf-with-dsym";
				ENABLE_NS_ASSERTIONS = NO;
				ENABLE_STRICT_OBJC_MSGSEND = YES;
				ENABLE_USER_SCRIPT_SANDBOXING = YES;
				GCC_C_LANGUAGE_STANDARD = gnu17;
				GCC_NO_COMMON_BLOCKS = YES;
				GCC_WARN_64_TO_32_BIT_CONVERSION = YES;
				GCC_WARN_ABOUT_RETURN_TYPE = YES_ERROR;
				GCC_WARN_UNDECLARED_SELECTOR = YES;
				GCC_WARN_UNINITIALIZED_AUTOS = YES_AGGRESSIVE;
				GCC_WARN_UNUSED_FUNCTION = YES;
				GCC_WARN_UNUSED_VARIABLE = YES;
				IPHONEOS_DEPLOYMENT_TARGET = 17.0;
				LOCALIZATION_PREFERS_STRING_CATALOGS = YES;
				MTL_ENABLE_DEBUG_INFO = NO;
				MTL_FAST_MATH = YES;
				SDKROOT = iphoneos;
				SWIFT_COMPILATION_MODE = wholemodule;
				VALIDATE_PRODUCT = YES;
			};
			name = Release;
		};
		EF3C754C2C12DA74002E58D3 /* Debug */ = {
			isa = XCBuildConfiguration;
			buildSettings = {
				ASSETCATALOG_COMPILER_APPICON_NAME = AppIcon;
				ASSETCATALOG_COMPILER_GLOBAL_ACCENT_COLOR_NAME = AccentColor;
				CODE_SIGN_ENTITLEMENTS = Asher/Support/Asher.entitlements;
				CODE_SIGN_STYLE = Automatic;
				CURRENT_PROJECT_VERSION = 1;
				DEVELOPMENT_ASSET_PATHS = "\"Asher/Support/Preview Content\"";
				DEVELOPMENT_TEAM = 6QDV2VZHAS;
				ENABLE_PREVIEWS = YES;
				GENERATE_INFOPLIST_FILE = YES;
				INFOPLIST_FILE = Asher/Support/Info.plist;
				INFOPLIST_KEY_UIApplicationSceneManifest_Generation = YES;
				INFOPLIST_KEY_UIApplicationSupportsIndirectInputEvents = YES;
				INFOPLIST_KEY_UILaunchScreen_Generation = YES;
				INFOPLIST_KEY_UISupportedInterfaceOrientations_iPad = "UIInterfaceOrientationPortrait UIInterfaceOrientationPortraitUpsideDown UIInterfaceOrientationLandscapeLeft UIInterfaceOrientationLandscapeRight";
				INFOPLIST_KEY_UISupportedInterfaceOrientations_iPhone = "UIInterfaceOrientationPortrait UIInterfaceOrientationLandscapeLeft UIInterfaceOrientationLandscapeRight";
				LD_RUNPATH_SEARCH_PATHS = (
					"$(inherited)",
					"@executable_path/Frameworks",
				);
				MARKETING_VERSION = 1.0;
				PRODUCT_BUNDLE_IDENTIFIER = Chuteve.kr.Asher;
				PRODUCT_NAME = "$(TARGET_NAME)";
				SWIFT_EMIT_LOC_STRINGS = YES;
				SWIFT_VERSION = 5.0;
				TARGETED_DEVICE_FAMILY = "1,2";
			};
			name = Debug;
		};
		EF3C754D2C12DA74002E58D3 /* Release */ = {
			isa = XCBuildConfiguration;
			buildSettings = {
				ASSETCATALOG_COMPILER_APPICON_NAME = AppIcon;
				ASSETCATALOG_COMPILER_GLOBAL_ACCENT_COLOR_NAME = AccentColor;
				CODE_SIGN_ENTITLEMENTS = Asher/Support/Asher.entitlements;
				CODE_SIGN_STYLE = Automatic;
				CURRENT_PROJECT_VERSION = 1;
				DEVELOPMENT_ASSET_PATHS = "\"Asher/Support/Preview Content\"";
				DEVELOPMENT_TEAM = 6QDV2VZHAS;
				ENABLE_PREVIEWS = YES;
				GENERATE_INFOPLIST_FILE = YES;
				INFOPLIST_FILE = Asher/Support/Info.plist;
				INFOPLIST_KEY_UIApplicationSceneManifest_Generation = YES;
				INFOPLIST_KEY_UIApplicationSupportsIndirectInputEvents = YES;
				INFOPLIST_KEY_UILaunchScreen_Generation = YES;
				INFOPLIST_KEY_UISupportedInterfaceOrientations_iPad = "UIInterfaceOrientationPortrait UIInterfaceOrientationPortraitUpsideDown UIInterfaceOrientationLandscapeLeft UIInterfaceOrientationLandscapeRight";
				INFOPLIST_KEY_UISupportedInterfaceOrientations_iPhone = "UIInterfaceOrientationPortrait UIInterfaceOrientationLandscapeLeft UIInterfaceOrientationLandscapeRight";
				LD_RUNPATH_SEARCH_PATHS = (
					"$(inherited)",
					"@executable_path/Frameworks",
				);
				MARKETING_VERSION = 1.0;
				PRODUCT_BUNDLE_IDENTIFIER = Chuteve.kr.Asher;
				PRODUCT_NAME = "$(TARGET_NAME)";
				SWIFT_EMIT_LOC_STRINGS = YES;
				SWIFT_VERSION = 5.0;
				TARGETED_DEVICE_FAMILY = "1,2";
			};
			name = Release;
		};
/* End XCBuildConfiguration section */

/* Begin XCConfigurationList section */
		EF3C75342C12DA73002E58D3 /* Build configuration list for PBXProject "Asher" */ = {
			isa = XCConfigurationList;
			buildConfigurations = (
				EF3C75492C12DA74002E58D3 /* Debug */,
				EF3C754A2C12DA74002E58D3 /* Release */,
			);
			defaultConfigurationIsVisible = 0;
			defaultConfigurationName = Release;
		};
		EF3C754B2C12DA74002E58D3 /* Build configuration list for PBXNativeTarget "Asher" */ = {
			isa = XCConfigurationList;
			buildConfigurations = (
				EF3C754C2C12DA74002E58D3 /* Debug */,
				EF3C754D2C12DA74002E58D3 /* Release */,
			);
			defaultConfigurationIsVisible = 0;
			defaultConfigurationName = Release;
		};
/* End XCConfigurationList section */

/* Begin XCRemoteSwiftPackageReference section */
		EF3C75502C12E1C3002E58D3 /* XCRemoteSwiftPackageReference "swift-composable-architecture" */ = {
			isa = XCRemoteSwiftPackageReference;
			repositoryURL = "https://github.com/pointfreeco/swift-composable-architecture";
			requirement = {
				kind = upToNextMajorVersion;
				minimumVersion = 1.11.0;
			};
		};
		EF3C75532C12E238002E58D3 /* XCRemoteSwiftPackageReference "TCACoordinators" */ = {
			isa = XCRemoteSwiftPackageReference;
			repositoryURL = "https://github.com/johnpatrickmorgan/TCACoordinators";
			requirement = {
				kind = upToNextMajorVersion;
				minimumVersion = 0.10.1;
			};
		};
		EF56BB832C16DB670045394F /* XCRemoteSwiftPackageReference "RxSwift" */ = {
			isa = XCRemoteSwiftPackageReference;
			repositoryURL = "https://github.com/ReactiveX/RxSwift.git";
			requirement = {
				kind = upToNextMajorVersion;
				minimumVersion = 6.7.1;
			};
		};
		EF56BB8A2C16DB7A0045394F /* XCRemoteSwiftPackageReference "SnapKit" */ = {
			isa = XCRemoteSwiftPackageReference;
			repositoryURL = "https://github.com/SnapKit/SnapKit.git";
			requirement = {
				kind = upToNextMajorVersion;
				minimumVersion = 5.7.1;
			};
		};
		EF56BB8D2C16DBA20045394F /* XCRemoteSwiftPackageReference "Then" */ = {
			isa = XCRemoteSwiftPackageReference;
			repositoryURL = "https://github.com/devxoul/Then";
			requirement = {
				kind = upToNextMajorVersion;
				minimumVersion = 3.0.0;
			};
		};
/* End XCRemoteSwiftPackageReference section */

/* Begin XCSwiftPackageProductDependency section */
		EF3C75512C12E1C3002E58D3 /* ComposableArchitecture */ = {
			isa = XCSwiftPackageProductDependency;
			package = EF3C75502C12E1C3002E58D3 /* XCRemoteSwiftPackageReference "swift-composable-architecture" */;
			productName = ComposableArchitecture;
		};
		EF3C75542C12E238002E58D3 /* TCACoordinators */ = {
			isa = XCSwiftPackageProductDependency;
			package = EF3C75532C12E238002E58D3 /* XCRemoteSwiftPackageReference "TCACoordinators" */;
			productName = TCACoordinators;
		};
		EF56BB842C16DB670045394F /* RxCocoa */ = {
			isa = XCSwiftPackageProductDependency;
			package = EF56BB832C16DB670045394F /* XCRemoteSwiftPackageReference "RxSwift" */;
			productName = RxCocoa;
		};
		EF56BB862C16DB670045394F /* RxRelay */ = {
			isa = XCSwiftPackageProductDependency;
			package = EF56BB832C16DB670045394F /* XCRemoteSwiftPackageReference "RxSwift" */;
			productName = RxRelay;
		};
		EF56BB882C16DB670045394F /* RxSwift */ = {
			isa = XCSwiftPackageProductDependency;
			package = EF56BB832C16DB670045394F /* XCRemoteSwiftPackageReference "RxSwift" */;
			productName = RxSwift;
		};
		EF56BB8B2C16DB7A0045394F /* SnapKit */ = {
			isa = XCSwiftPackageProductDependency;
			package = EF56BB8A2C16DB7A0045394F /* XCRemoteSwiftPackageReference "SnapKit" */;
			productName = SnapKit;
		};
		EF56BB8E2C16DBA20045394F /* Then */ = {
			isa = XCSwiftPackageProductDependency;
			package = EF56BB8D2C16DBA20045394F /* XCRemoteSwiftPackageReference "Then" */;
			productName = Then;
		};
/* End XCSwiftPackageProductDependency section */
	};
	rootObject = EF3C75312C12DA73002E58D3 /* Project object */;
}
